{
  "name": "bitcoin-transactions",
  "version": "1.0.0",
  "lockfileVersion": 2,
  "requires": true,
  "packages": {
    "": {
      "name": "bitcoin-transactions",
      "version": "1.0.0",
      "license": "ISC",
      "dependencies": {
        "bitcoin": "^3.0.3"
      }
    },
    "node_modules/bitcoin": {
      "version": "3.0.3",
      "resolved": "https://registry.npmjs.org/bitcoin/-/bitcoin-3.0.3.tgz",
      "integrity": "sha512-ffUbJRG5CmPhEo+AtWTkH7T52jKvTHsDWR8Tg5wac8he/R0BDCh6iyKrCNZDh//9/25sLa/XQ2GMhmdNhFvBsQ==",
      "engines": {
        "node": ">= 0.10.0"
      }
    }
  },
  "dependencies": {
    "bitcoin": {
      "version": "3.0.3",
      "resolved": "https://registry.npmjs.org/bitcoin/-/bitcoin-3.0.3.tgz",
      "integrity": "sha512-ffUbJRG5CmPhEo+AtWTkH7T52jKvTHsDWR8Tg5wac8he/R0BDCh6iyKrCNZDh//9/25sLa/XQ2GMhmdNhFvBsQ=="
    }
  }
}
